
Microsoft Visual Studio Solution File, Format Version 12.00
# Visual Studio Version 17
VisualStudioVersion = 17.5.002.0
MinimumVisualStudioVersion = 10.0.40219.1
Project("{9A19103F-16F7-4668-BE54-9A1E7A4F7556}") = "DesafioPOO", "DesafioPOO.csproj", "{11FAD97B-EC40-4C51-9051-DCD6CF2A596B}"
EndProject
Global
	GlobalSection(SolutionConfigurationPlatforms) = preSolution
		Debug|Any CPU = Debug|Any CPU
		Release|Any CPU = Release|Any CPU
	EndGlobalSection
	GlobalSection(ProjectConfigurationPlatforms) = postSolution
		{11FAD97B-EC40-4C51-9051-DCD6CF2A596B}.Debug|Any CPU.ActiveCfg = Debug|Any CPU
		{11FAD97B-EC40-4C51-9051-DCD6CF2A596B}.Debug|Any CPU.Build.0 = Debug|Any CPU
		{11FAD97B-EC40-4C51-9051-DCD6CF2A596B}.Release|Any CPU.ActiveCfg = Release|Any CPU
		{11FAD97B-EC40-4C51-9051-DCD6CF2A596B}.Release|Any CPU.Build.0 = Release|Any CPU
	EndGlobalSection
	GlobalSection(SolutionProperties) = preSolution
		HideSolutionNode = FALSE
	EndGlobalSection
	GlobalSection(ExtensibilityGlobals) = postSolution
		SolutionGuid = {E2CA13FF-669B-471F-B704-D8F82CDC919F}
	EndGlobalSection
EndGlobal
